// !$*UTF8*$!
{
	archiveVersion = 1;
	classes = {
	};
	objectVersion = 48;
	objects = {

/* Begin PBXBuildFile section */
		D834AB501FEEACE200C70A28 /* AppDelegate.swift in Sources */ = {isa = PBXBuildFile; fileRef = D834AB4F1FEEACE200C70A28 /* AppDelegate.swift */; };
		D834AB521FEEACE200C70A28 /* ViewController.swift in Sources */ = {isa = PBXBuildFile; fileRef = D834AB511FEEACE200C70A28 /* ViewController.swift */; };
		D834AB551FEEACE200C70A28 /* Main.storyboard in Resources */ = {isa = PBXBuildFile; fileRef = D834AB531FEEACE200C70A28 /* Main.storyboard */; };
		D834AB571FEEACE200C70A28 /* Assets.xcassets in Resources */ = {isa = PBXBuildFile; fileRef = D834AB561FEEACE200C70A28 /* Assets.xcassets */; };
		D834AB5A1FEEACE200C70A28 /* LaunchScreen.storyboard in Resources */ = {isa = PBXBuildFile; fileRef = D834AB581FEEACE200C70A28 /* LaunchScreen.storyboard */; };
		D834AB621FEF6BC200C70A28 /* AboutViewController.swift in Sources */ = {isa = PBXBuildFile; fileRef = D834AB611FEF6BC200C70A28 /* AboutViewController.swift */; };
/* End PBXBuildFile section */

/* Begin PBXFileReference section */
		D834AB4C1FEEACE200C70A28 /* BullsEyeGame.app */ = {isa = PBXFileReference; explicitFileType = wrapper.application; includeInIndex = 0; path = BullsEyeGame.app; sourceTree = BUILT_PRODUCTS_DIR; };
		D834AB4F1FEEACE200C70A28 /* AppDelegate.swift */ = {isa = PBXFileReference; lastKnownFileType = sourcecode.swift; path = AppDelegate.swift; sourceTree = "<group>"; };
		D834AB511FEEACE200C70A28 /* ViewController.swift */ = {isa = PBXFileReference; lastKnownFileType = sourcecode.swift; path = ViewController.swift; sourceTree = "<group>"; };
		D834AB541FEEACE200C70A28 /* Base */ = {isa = PBXFileReference; lastKnownFileType = file.storyboard; name = Base; path = Base.lproj/Main.storyboard; sourceTree = "<group>"; };
		D834AB561FEEACE200C70A28 /* Assets.xcassets */ = {isa = PBXFileReference; lastKnownFileType = folder.assetcatalog; path = Assets.xcassets; sourceTree = "<group>"; };
		D834AB591FEEACE200C70A28 /* Base */ = {isa = PBXFileReference; lastKnownFileType = file.storyboard; name = Base; path = Base.lproj/LaunchScreen.storyboard; sourceTree = "<group>"; };
		D834AB5B1FEEACE200C70A28 /* Info.plist */ = {isa = PBXFileReference; lastKnownFileType = text.plist.xml; path = Info.plist; sourceTree = "<group>"; };
		D834AB611FEF6BC200C70A28 /* AboutViewController.swift */ = {isa = PBXFileReference; lastKnownFileType = sourcecode.swift; path = AboutViewController.swift; sourceTree = "<group>"; };
/* End PBXFileReference section */

/* Begin PBXFrameworksBuildPhase section */
		D834AB491FEEACE200C70A28 /* Frameworks */ = {
			isa = PBXFrameworksBuildPhase;
			buildActionMask = 2147483647;
			files = (
			);
			runOnlyForDeploymentPostprocessing = 0;
		};
/* End PBXFrameworksBuildPhase section */

/* Begin PBXGroup section */
		D834AB431FEEACE200C70A28 = {
			isa = PBXGroup;
			children = (
				D834AB4E1FEEACE200C70A28 /* BullsEyeGame */,
				D834AB4D1FEEACE200C70A28 /* Products */,
			);
			sourceTree = "<group>";
		};
		D834AB4D1FEEACE200C70A28 /* Products */ = {
			isa = PBXGroup;
			children = (
				D834AB4C1FEEACE200C70A28 /* BullsEyeGame.app */,
			);
			name = Products;
			sourceTree = "<group>";
		};
		D834AB4E1FEEACE200C70A28 /* BullsEyeGame */ = {
			isa = PBXGroup;
			children = (
				D834AB4F1FEEACE200C70A28 /* AppDelegate.swift */,
				D834AB511FEEACE200C70A28 /* ViewController.swift */,
				D834AB531FEEACE200C70A28 /* Main.storyboard */,
				D834AB561FEEACE200C70A28 /* Assets.xcassets */,
				D834AB581FEEACE200C70A28 /* LaunchScreen.storyboard */,
				D834AB5B1FEEACE200C70A28 /* Info.plist */,
				D834AB611FEF6BC200C70A28 /* AboutViewController.swift */,
			);
			path = BullsEyeGame;
			sourceTree = "<group>";
		};
/* End PBXGroup section */

/* Begin PBXNativeTarget section */
		D834AB4B1FEEACE200C70A28 /* BullsEyeGame */ = {
			isa = PBXNativeTarget;
			buildConfigurationList = D834AB5E1FEEACE200C70A28 /* Build configuration list for PBXNativeTarget "BullsEyeGame" */;
			buildPhases = (
				D834AB481FEEACE200C70A28 /* Sources */,
				D834AB491FEEACE200C70A28 /* Frameworks */,
				D834AB4A1FEEACE200C70A28 /* Resources */,
			);
			buildRules = (
			);
			dependencies = (
			);
			name = BullsEyeGame;
			productName = BullsEyeGame;
			productReference = D834AB4C1FEEACE200C70A28 /* BullsEyeGame.app */;
			productType = "com.apple.product-type.application";
		};
/* End PBXNativeTarget section */

/* Begin PBXProject section */
		D834AB441FEEACE200C70A28 /* Project object */ = {
			isa = PBXProject;
			attributes = {
				LastSwiftUpdateCheck = 0920;
				LastUpgradeCheck = 0920;
				ORGANIZATIONNAME = "Sigit Hanafi";
				TargetAttributes = {
					D834AB4B1FEEACE200C70A28 = {
						CreatedOnToolsVersion = 9.2;
						ProvisioningStyle = Automatic;
					};
				};
			};
			buildConfigurationList = D834AB471FEEACE200C70A28 /* Build configuration list for PBXProject "BullsEyeGame" */;
			compatibilityVersion = "Xcode 8.0";
			developmentRegion = en;
			hasScannedForEncodings = 0;
			knownRegions = (
				en,
				Base,
			);
			mainGroup = D834AB431FEEACE200C70A28;
			productRefGroup = D834AB4D1FEEACE200C70A28 /* Products */;
			projectDirPath = "";
			projectRoot = "";
			targets = (
				D834AB4B1FEEACE200C70A28 /* BullsEyeGame */,
			);
		};
/* End PBXProject section */

/* Begin PBXResourcesBuildPhase section */
		D834AB4A1FEEACE200C70A28 /* Resources */ = {
			isa = PBXResourcesBuildPhase;
			buildActionMask = 2147483647;
			files = (
				D834AB5A1FEEACE200C70A28 /* LaunchScreen.storyboard in Resources */,
				D834AB571FEEACE200C70A28 /* Assets.xcassets in Resources */,
				D834AB551FEEACE200C70A28 /* Main.storyboard in Resources */,
			);
			runOnlyForDeploymentPostprocessing = 0;
		};
/* End PBXResourcesBuildPhase section */

/* Begin PBXSourcesBuildPhase section */
		D834AB481FEEACE200C70A28 /* Sources */ = {
			isa = PBXSourcesBuildPhase;
			buildActionMask = 2147483647;
			files = (
				D834AB621FEF6BC200C70A28 /* AboutViewController.swift in Sources */,
				D834AB521FEEACE200C70A28 /* ViewController.swift in Sources */,
				D834AB501FEEACE200C70A28 /* AppDelegate.swift in Sources */,
			);
			runOnlyForDeploymentPostprocessing = 0;
		};
/* End PBXSourcesBuildPhase section */

/* Begin PBXVariantGroup section */
		D834AB531FEEACE200C70A28 /* Main.storyboard */ = {
			isa = PBXVariantGroup;
			children = (
				D834AB541FEEACE200C70A28 /* Base */,
			);
			name = Main.storyboard;
			sourceTree = "<group>";
		};
		D834AB581FEEACE200C70A28 /* LaunchScreen.storyboard */ = {
			isa = PBXVariantGroup;
			children = (
				D834AB591FEEACE200C70A28 /* Base */,
			);
			name = LaunchScreen.storyboard;
			sourceTree = "<group>";
		};
/* End PBXVariantGroup section */

/* Begin XCBuildConfiguration section */
		D834AB5C1FEEACE200C70A28 /* Debug */ = {
			isa = XCBuildConfiguration;
			buildSettings = {
				ALWAYS_SEARCH_USER_PATHS = NO;
				CLANG_ANALYZER_NONNULL = YES;
				CLANG_ANALYZER_NUMBER_OBJECT_CONVERSION = YES_AGGRESSIVE;
				CLANG_CXX_LANGUAGE_STANDARD = "gnu++14";
				CLANG_CXX_LIBRARY = "libc++";
				CLANG_ENABLE_MODULES = YES;
				CLANG_ENABLE_OBJC_ARC = YES;
				CLANG_WARN_BLOCK_CAPTURE_AUTORELEASING = YES;
				CLANG_WARN_BOOL_CONVERSION = YES;
				CLANG_WARN_COMMA = YES;
				CLANG_WARN_CONSTANT_CONVERSION = YES;
				CLANG_WARN_DIRECT_OBJC_ISA_USAGE = YES_ERROR;
				CLANG_WARN_DOCUMENTATION_COMMENTS = YES;
				CLANG_WARN_EMPTY_BODY = YES;
				CLANG_WARN_ENUM_CONVERSION = YES;
				CLANG_WARN_INFINITE_RECURSION = YES;
				CLANG_WARN_INT_CONVERSION = YES;
				CLANG_WARN_NON_LITERAL_NULL_CONVERSION = YES;
				CLANG_WARN_OBJC_LITERAL_CONVERSION = YES;
				CLANG_WARN_OBJC_ROOT_CLASS = YES_ERROR;
				CLANG_WARN_RANGE_LOOP_ANALYSIS = YES;
				CLANG_WARN_STRICT_PROTOTYPES = YES;
				CLANG_WARN_SUSPICIOUS_MOVE = YES;
				CLANG_WARN_UNGUARDED_AVAILABILITY = YES_AGGRESSIVE;
				CLANG_WARN_UNREACHABLE_CODE = YES;
				CLANG_WARN__DUPLICATE_METHOD_MATCH = YES;
				CODE_SIGN_IDENTITY = "iPhone Developer";
				COPY_PHASE_STRIP = NO;
				DEBUG_INFORMATION_FORMAT = dwarf;
				ENABLE_STRICT_OBJC_MSGSEND = YES;
				ENABLE_TESTABILITY = YES;
				GCC_C_LANGUAGE_STANDARD = gnu11;
				GCC_DYNAMIC_NO_PIC = NO;
				GCC_NO_COMMON_BLOCKS = YES;
				GCC_OPTIMIZATION_LEVEL = 0;
				GCC_PREPROCESSOR_DEFINITIONS = (
					"DEBUG=1",
					"$(inherited)",
				);
				GCC_WARN_64_TO_32_BIT_CONVERSION = YES;
				GCC_WARN_ABOUT_RETURN_TYPE = YES_ERROR;
				GCC_WARN_UNDECLARED_SELECTOR = YES;
				GCC_WARN_UNINITIALIZED_AUTOS = YES_AGGRESSIVE;
				GCC_WARN_UNUSED_FUNCTION = YES;
				GCC_WARN_UNUSED_VARIABLE = YES;
				IPHONEOS_DEPLOYMENT_TARGET = 11.2;
				MTL_ENABLE_DEBUG_INFO = YES;
				ONLY_ACTIVE_ARCH = YES;
				SDKROOT = iphoneos;
				SWIFT_ACTIVE_COMPILATION_CONDITIONS = DEBUG;
				SWIFT_OPTIMIZATION_LEVEL = "-Onone";
			};
			name = Debug;
		};
		D834AB5D1FEEACE200C70A28 /* Release */ = {
			isa = XCBuildConfiguration;
			buildSettings = {
				ALWAYS_SEARCH_USER_PATHS = NO;
				CLANG_ANALYZER_NONNULL = YES;
				CLANG_ANALYZER_NUMBER_OBJECT_CONVERSION = YES_AGGRESSIVE;
				CLANG_CXX_LANGUAGE_STANDARD = "gnu++14";
				CLANG_CXX_LIBRARY = "libc++";
				CLANG_ENABLE_MODULES = YES;
				CLANG_ENABLE_OBJC_ARC = YES;
				CLANG_WARN_BLOCK_CAPTURE_AUTORELEASING = YES;
				CLANG_WARN_BOOL_CONVERSION = YES;
				CLANG_WARN_COMMA = YES;
				CLANG_WARN_CONSTANT_CONVERSION = YES;
				CLANG_WARN_DIRECT_OBJC_ISA_USAGE = YES_ERROR;
				CLANG_WARN_DOCUMENTATION_COMMENTS = YES;
				CLANG_WARN_EMPTY_BODY = YES;
				CLANG_WARN_ENUM_CONVERSION = YES;
				CLANG_WARN_INFINITE_RECURSION = YES;
				CLANG_WARN_INT_CONVERSION = YES;
				CLANG_WARN_NON_LITERAL_NULL_CONVERSION = YES;
				CLANG_WARN_OBJC_LITERAL_CONVERSION = YES;
				CLANG_WARN_OBJC_ROOT_CLASS = YES_ERROR;
				CLANG_WARN_RANGE_LOOP_ANALYSIS = YES;
				CLANG_WARN_STRICT_PROTOTYPES = YES;
				CLANG_WARN_SUSPICIOUS_MOVE = YES;
				CLANG_WARN_UNGUARDED_AVAILABILITY = YES_AGGRESSIVE;
				CLANG_WARN_UNREACHABLE_CODE = YES;
				CLANG_WARN__DUPLICATE_METHOD_MATCH = YES;
				CODE_SIGN_IDENTITY = "iPhone Developer";
				COPY_PHASE_STRIP = NO;
				DEBUG_INFORMATION_FORMAT = "dwarf-with-dsym";
				ENABLE_NS_ASSERTIONS = NO;
				ENABLE_STRICT_OBJC_MSGSEND = YES;
				GCC_C_LANGUAGE_STANDARD = gnu11;
				GCC_NO_COMMON_BLOCKS = YES;
				GCC_WARN_64_TO_32_BIT_CONVERSION = YES;
				GCC_WARN_ABOUT_RETURN_TYPE = YES_ERROR;
				GCC_WARN_UNDECLARED_SELECTOR = YES;
				GCC_WARN_UNINITIALIZED_AUTOS = YES_AGGRESSIVE;
				GCC_WARN_UNUSED_FUNCTION = YES;
				GCC_WARN_UNUSED_VARIABLE = YES;
				IPHONEOS_DEPLOYMENT_TARGET = 11.2;
				MTL_ENABLE_DEBUG_INFO = NO;
				SDKROOT = iphoneos;
				SWIFT_OPTIMIZATION_LEVEL = "-Owholemodule";
				VALIDATE_PRODUCT = YES;
			};
			name = Release;
		};
		D834AB5F1FEEACE200C70A28 /* Debug */ = {
			isa = XCBuildConfiguration;
			buildSettings = {
				ASSETCATALOG_COMPILER_APPICON_NAME = AppIcon;
				CODE_SIGN_STYLE = Automatic;
				DEVELOPMENT_TEAM = 4437WC2GU7;
				INFOPLIST_FILE = BullsEyeGame/Info.plist;
				LD_RUNPATH_SEARCH_PATHS = "$(inherited) @executable_path/Frameworks";
				PRODUCT_BUNDLE_IDENTIFIER = com.sigithanafi.BullsEyeGame;
				PRODUCT_NAME = "$(TARGET_NAME)";
				SWIFT_VERSION = 4.0;
				TARGETED_DEVICE_FAMILY = "1,2";
			};
			name = Debug;
		};
		D834AB601FEEACE200C70A28 /* Release */ = {
			isa = XCBuildConfiguration;
			buildSettings = {
				ASSETCATALOG_COMPILER_APPICON_NAME = AppIcon;
				CODE_SIGN_STYLE = Automatic;
				DEVELOPMENT_TEAM = 4437WC2GU7;
				INFOPLIST_FILE = BullsEyeGame/Info.plist;
				LD_RUNPATH_SEARCH_PATHS = "$(inherited) @executable_path/Frameworks";
				PRODUCT_BUNDLE_IDENTIFIER = com.sigithanafi.BullsEyeGame;
				PRODUCT_NAME = "$(TARGET_NAME)";
				SWIFT_VERSION = 4.0;
				TARGETED_DEVICE_FAMILY = "1,2";
			};
			name = Release;
		};
/* End XCBuildConfiguration section */

/* Begin XCConfigurationList section */
		D834AB471FEEACE200C70A28 /* Build configuration list for PBXProject "BullsEyeGame" */ = {
			isa = XCConfigurationList;
			buildConfigurations = (
				D834AB5C1FEEACE200C70A28 /* Debug */,
				D834AB5D1FEEACE200C70A28 /* Release */,
			);
			defaultConfigurationIsVisible = 0;
			defaultConfigurationName = Release;
		};
		D834AB5E1FEEACE200C70A28 /* Build configuration list for PBXNativeTarget "BullsEyeGame" */ = {
			isa = XCConfigurationList;
			buildConfigurations = (
				D834AB5F1FEEACE200C70A28 /* Debug */,
				D834AB601FEEACE200C70A28 /* Release */,
			);
			defaultConfigurationIsVisible = 0;
			defaultConfigurationName = Release;
		};
/* End XCConfigurationList section */
	};
	rootObject = D834AB441FEEACE200C70A28 /* Project object */;
}
